
Microsoft Visual Studio Solution File, Format Version 12.00
# Visual Studio Version 17
VisualStudioVersion = 17.5.002.0
MinimumVisualStudioVersion = 10.0.40219.1
Project("{9A19103F-16F7-4668-BE54-9A1E7A4F7556}") = "robot_firmware", "robot_firmware.csproj", "{1F9C53F2-33A4-4E87-9C1D-96F96720C652}"
EndProject
Global
	GlobalSection(SolutionConfigurationPlatforms) = preSolution
		Debug|Any CPU = Debug|Any CPU
		Release|Any CPU = Release|Any CPU
	EndGlobalSection
	GlobalSection(ProjectConfigurationPlatforms) = postSolution
		{1F9C53F2-33A4-4E87-9C1D-96F96720C652}.Debug|Any CPU.ActiveCfg = Debug|Any CPU
		{1F9C53F2-33A4-4E87-9C1D-96F96720C652}.Debug|Any CPU.Build.0 = Debug|Any CPU
		{1F9C53F2-33A4-4E87-9C1D-96F96720C652}.Release|Any CPU.ActiveCfg = Release|Any CPU
		{1F9C53F2-33A4-4E87-9C1D-96F96720C652}.Release|Any CPU.Build.0 = Release|Any CPU
	EndGlobalSection
	GlobalSection(SolutionProperties) = preSolution
		HideSolutionNode = FALSE
	EndGlobalSection
	GlobalSection(ExtensibilityGlobals) = postSolution
		SolutionGuid = {14EB834E-758B-41CE-8603-927F3AF823D4}
	EndGlobalSection
EndGlobal
